// !$*UTF8*$!
{
	archiveVersion = 1;
	classes = {
	};
	objectVersion = 56;
	objects = {

/* Begin PBXBuildFile section */
		A30D49AFB1CF48F8A4A87317 = {isa = PBXBuildFile; fileRef = 4A8930EFBF96477F8AF75565; };
		5192DDF0DFEF45F89EBFC945 = {isa = PBXBuildFile; fileRef = 80F993B116F3429180CCD59C; };
		2411016A3A33402BBAD6C414 = {isa = PBXBuildFile; fileRef = AADEBEB313A440D6A7A61F41; };
		2C9F3665D226422DB605E3A3 = {isa = PBXBuildFile; fileRef = 115953414F9B44EDA6E39DD5; };
		F0C7AE8D9B864611801430BF = {isa = PBXBuildFile; fileRef = E138B0BEEBFE40DEADEC4055; };
		279DE7105EA548F8A947AC46 = {isa = PBXBuildFile; fileRef = FAF0488054EB46F0A9E3D650; };
		3EEA26F216504178B4205218 = {isa = PBXBuildFile; fileRef = EAA6622F7FAF4E8B9F63E6EA; };
		FB84CC70C6074F5BB8DCE12D = {isa = PBXBuildFile; fileRef = C175A3764D8343CDA2630D60; };
		D6DE86A8FB08483C9008638C = {isa = PBXBuildFile; fileRef = 974EAB7C07C74FA58826D070; };
		F610D1AB6B304FE3A656EB7F = {isa = PBXBuildFile; fileRef = 337BDD3CE8B641D78A92B6B6; };
		6D2D87E065684BB59A003AD3 = {isa = PBXBuildFile; fileRef = 7601DE9A4E09471A875777EE; };
/* End PBXBuildFile section */

/* Begin PBXFileReference section */
		9BCBED8BF58541FD8F0B2B75 = {isa = PBXFileReference; explicitFileType = wrapper.application; includeInIndex = 0; path = CinemanaNew.app; sourceTree = BUILT_PRODUCTS_DIR; };
		4A8930EFBF96477F8AF75565 = {isa = PBXFileReference; lastKnownFileType = folder.assetcatalog; name = Assets.xcassets; path = Assets.xcassets; sourceTree = SOURCE_ROOT; };
		80F993B116F3429180CCD59C = {isa = PBXFileReference; lastKnownFileType = sourcecode.swift; name = "CinemanaNewApp.swift"; path = "Sources/CinemanaNew/CinemanaNewApp.swift"; sourceTree = SOURCE_ROOT; };
		AADEBEB313A440D6A7A61F41 = {isa = PBXFileReference; lastKnownFileType = sourcecode.swift; name = "Models.swift"; path = "Sources/CinemanaNew/Models.swift"; sourceTree = SOURCE_ROOT; };
		115953414F9B44EDA6E39DD5 = {isa = PBXFileReference; lastKnownFileType = sourcecode.swift; name = "APIService.swift"; path = "Sources/CinemanaNew/APIService.swift"; sourceTree = SOURCE_ROOT; };
		E138B0BEEBFE40DEADEC4055 = {isa = PBXFileReference; lastKnownFileType = sourcecode.swift; name = "DownloadManager.swift"; path = "Sources/CinemanaNew/DownloadManager.swift"; sourceTree = SOURCE_ROOT; };
		FAF0488054EB46F0A9E3D650 = {isa = PBXFileReference; lastKnownFileType = sourcecode.swift; name = "WatchLaterManager.swift"; path = "Sources/CinemanaNew/WatchLaterManager.swift"; sourceTree = SOURCE_ROOT; };
		EAA6622F7FAF4E8B9F63E6EA = {isa = PBXFileReference; lastKnownFileType = sourcecode.swift; name = "DesignSystem.swift"; path = "Sources/CinemanaNew/DesignSystem.swift"; sourceTree = SOURCE_ROOT; };
		C175A3764D8343CDA2630D60 = {isa = PBXFileReference; lastKnownFileType = sourcecode.swift; name = "HomeView.swift"; path = "Sources/CinemanaNew/HomeView.swift"; sourceTree = SOURCE_ROOT; };
		974EAB7C07C74FA58826D070 = {isa = PBXFileReference; lastKnownFileType = sourcecode.swift; name = "DetailView.swift"; path = "Sources/CinemanaNew/DetailView.swift"; sourceTree = SOURCE_ROOT; };
		337BDD3CE8B641D78A92B6B6 = {isa = PBXFileReference; lastKnownFileType = sourcecode.swift; name = "PlayerView.swift"; path = "Sources/CinemanaNew/PlayerView.swift"; sourceTree = SOURCE_ROOT; };
		7601DE9A4E09471A875777EE = {isa = PBXFileReference; lastKnownFileType = sourcecode.swift; name = "AllViews.swift"; path = "Sources/CinemanaNew/AllViews.swift"; sourceTree = SOURCE_ROOT; };
/* End PBXFileReference section */

/* Begin PBXFrameworksBuildPhase section */
		6DBEF93FE1AB43BABC484837 = {
			isa = PBXFrameworksBuildPhase;
			buildActionMask = 2147483647;
			files = (
			);
			runOnlyForDeploymentPostprocessing = 0;
		};
/* End PBXFrameworksBuildPhase section */

/* Begin PBXGroup section */
		D8F790DB6FC5401C9B63CDD6 = {
			isa = PBXGroup;
			children = (
				AEE03D3AAB094E2385E0D7DF,
				4A8930EFBF96477F8AF75565,
				048DB860BF1644DA901BE718,
			);
			sourceTree = "<group>";
		};
		AEE03D3AAB094E2385E0D7DF = {
			isa = PBXGroup;
			children = (
				80F993B116F3429180CCD59C,
				AADEBEB313A440D6A7A61F41,
				115953414F9B44EDA6E39DD5,
				E138B0BEEBFE40DEADEC4055,
				FAF0488054EB46F0A9E3D650,
				EAA6622F7FAF4E8B9F63E6EA,
				C175A3764D8343CDA2630D60,
				974EAB7C07C74FA58826D070,
				337BDD3CE8B641D78A92B6B6,
				7601DE9A4E09471A875777EE,
			);
			name = Sources;
			sourceTree = "<group>";
		};
		048DB860BF1644DA901BE718 = {
			isa = PBXGroup;
			children = (
				9BCBED8BF58541FD8F0B2B75,
			);
			name = Products;
			sourceTree = "<group>";
		};
/* End PBXGroup section */

/* Begin PBXNativeTarget section */
		1366F5F6FC334E4AAF0D74C9 = {
			isa = PBXNativeTarget;
			buildConfigurationList = 01DF41EBD4994BA997B1F83B;
			buildPhases = (
				5C95FC04E67C4521A53E2A54,
				E910A11885034ACF8907DA28,
				6DBEF93FE1AB43BABC484837,
			);
			buildRules = (
			);
			dependencies = (
			);
			name = CinemanaNew;
			productName = CinemanaNew;
			productReference = 9BCBED8BF58541FD8F0B2B75;
			productType = "com.apple.product-type.application";
		};
/* End PBXNativeTarget section */

/* Begin PBXProject section */
		CFEDCBF8AD304DBEBE291B28 = {
			isa = PBXProject;
			attributes = {
				BuildIndependentTargetsInParallel = 1;
				LastSwiftUpdateCheck = 1500;
				LastUpgradeCheck = 1500;
				TargetAttributes = {
					1366F5F6FC334E4AAF0D74C9 = {
						CreatedOnToolsVersion = 15.0;
					};
				};
			};
			buildConfigurationList = 9090D357141D4F71BAA542C1;
			compatibilityVersion = "Xcode 14.0";
			developmentRegion = en;
			hasScannedForEncodings = 0;
			knownRegions = (
				en,
				ar,
				Base,
			);
			mainGroup = D8F790DB6FC5401C9B63CDD6;
			productRefGroup = 048DB860BF1644DA901BE718;
			projectDirPath = "";
			projectRoot = "";
			targets = (
				1366F5F6FC334E4AAF0D74C9,
			);
		};
/* End PBXProject section */

/* Begin PBXResourcesBuildPhase section */
		E910A11885034ACF8907DA28 = {
			isa = PBXResourcesBuildPhase;
			buildActionMask = 2147483647;
			files = (
				A30D49AFB1CF48F8A4A87317 /* Assets.xcassets */,
			);
			runOnlyForDeploymentPostprocessing = 0;
		};
/* End PBXResourcesBuildPhase section */

/* Begin PBXSourcesBuildPhase section */
		5C95FC04E67C4521A53E2A54 = {
			isa = PBXSourcesBuildPhase;
			buildActionMask = 2147483647;
			files = (
				5192DDF0DFEF45F89EBFC945 /* CinemanaNewApp.swift */,
				2411016A3A33402BBAD6C414 /* Models.swift */,
				2C9F3665D226422DB605E3A3 /* APIService.swift */,
				F0C7AE8D9B864611801430BF /* DownloadManager.swift */,
				279DE7105EA548F8A947AC46 /* WatchLaterManager.swift */,
				3EEA26F216504178B4205218 /* DesignSystem.swift */,
				FB84CC70C6074F5BB8DCE12D /* HomeView.swift */,
				D6DE86A8FB08483C9008638C /* DetailView.swift */,
				F610D1AB6B304FE3A656EB7F /* PlayerView.swift */,
				6D2D87E065684BB59A003AD3 /* AllViews.swift */,
			);
			runOnlyForDeploymentPostprocessing = 0;
		};
/* End PBXSourcesBuildPhase section */

/* Begin XCBuildConfiguration section */
		857476BDF950411380B42E51 = {
			isa = XCBuildConfiguration;
			buildSettings = {
				ASSETCATALOG_COMPILER_APPICON_NAME = AppIcon;
				ASSETCATALOG_COMPILER_GLOBAL_ACCENT_COLOR_NAME = AccentColor;
				CODE_SIGN_STYLE = Automatic;
				CURRENT_PROJECT_VERSION = 1;
				DEVELOPMENT_TEAM = "";
				GENERATE_INFOPLIST_FILE = YES;
				INFOPLIST_KEY_CFBundleDisplayName = "Cinemana New";
				INFOPLIST_KEY_UIApplicationSceneManifest_Generation = YES;
				INFOPLIST_KEY_UIApplicationSupportsIndirectInputEvents = YES;
				INFOPLIST_KEY_UILaunchScreen_Generation = YES;
				INFOPLIST_KEY_UISupportedInterfaceOrientations_iPhone = "UIInterfaceOrientationLandscapeLeft UIInterfaceOrientationLandscapeRight UIInterfaceOrientationPortrait";
				IPHONEOS_DEPLOYMENT_TARGET = 17.0;
				LD_RUNPATH_SEARCH_PATHS = "@executable_path/Frameworks";
				MARKETING_VERSION = 2.0;
				PRODUCT_BUNDLE_IDENTIFIER = "com.shabakaty.cinemanaa";
				PRODUCT_NAME = "$(TARGET_NAME)";
				SDKROOT = iphoneos;
				SWIFT_EMIT_LOC_STRINGS = YES;
				SWIFT_OPTIMIZATION_LEVEL = "-Onone";
				SWIFT_VERSION = 5.0;
				TARGETED_DEVICE_FAMILY = "1,2";
			};
			name = Debug;
		};
		4A67D9DE04754DED8501DED6 = {
			isa = XCBuildConfiguration;
			buildSettings = {
				ASSETCATALOG_COMPILER_APPICON_NAME = AppIcon;
				ASSETCATALOG_COMPILER_GLOBAL_ACCENT_COLOR_NAME = AccentColor;
				CODE_SIGN_STYLE = Automatic;
				CURRENT_PROJECT_VERSION = 1;
				DEVELOPMENT_TEAM = "";
				GENERATE_INFOPLIST_FILE = YES;
				INFOPLIST_KEY_CFBundleDisplayName = "Cinemana New";
				INFOPLIST_KEY_UIApplicationSceneManifest_Generation = YES;
				INFOPLIST_KEY_UIApplicationSupportsIndirectInputEvents = YES;
				INFOPLIST_KEY_UILaunchScreen_Generation = YES;
				INFOPLIST_KEY_UISupportedInterfaceOrientations_iPhone = "UIInterfaceOrientationLandscapeLeft UIInterfaceOrientationLandscapeRight UIInterfaceOrientationPortrait";
				IPHONEOS_DEPLOYMENT_TARGET = 17.0;
				LD_RUNPATH_SEARCH_PATHS = "@executable_path/Frameworks";
				MARKETING_VERSION = 2.0;
				PRODUCT_BUNDLE_IDENTIFIER = "com.shabakaty.cinemanaa";
				PRODUCT_NAME = "$(TARGET_NAME)";
				SDKROOT = iphoneos;
				SWIFT_EMIT_LOC_STRINGS = YES;
				SWIFT_OPTIMIZATION_LEVEL = "-Onone";
				SWIFT_VERSION = 5.0;
				TARGETED_DEVICE_FAMILY = "1,2";
				VALIDATE_PRODUCT = YES;
			};
			name = Release;
		};
		6E8D8B2C45BD4F6E954E7DB7 = {
			isa = XCBuildConfiguration;
			buildSettings = {
				ALWAYS_SEARCH_USER_PATHS = NO;
				CLANG_ENABLE_MODULES = YES;
				CLANG_ENABLE_OBJC_ARC = YES;
				COPY_PHASE_STRIP = NO;
				DEBUG_INFORMATION_FORMAT = dwarf;
				GCC_NO_COMMON_BLOCKS = YES;
				GCC_OPTIMIZATION_LEVEL = 0;
				IPHONEOS_DEPLOYMENT_TARGET = 17.0;
				MTL_FAST_MATH = YES;
				ONLY_ACTIVE_ARCH = YES;
				SDKROOT = iphoneos;
				SWIFT_OPTIMIZATION_LEVEL = "-Onone";
			};
			name = Debug;
		};
		0D502DE4AE6F43FFAE24F0D1 = {
			isa = XCBuildConfiguration;
			buildSettings = {
				ALWAYS_SEARCH_USER_PATHS = NO;
				CLANG_ENABLE_MODULES = YES;
				CLANG_ENABLE_OBJC_ARC = YES;
				COPY_PHASE_STRIP = NO;
				DEBUG_INFORMATION_FORMAT = "dwarf-with-dsym";
				ENABLE_NS_ASSERTIONS = NO;
				GCC_NO_COMMON_BLOCKS = YES;
				IPHONEOS_DEPLOYMENT_TARGET = 17.0;
				MTL_FAST_MATH = YES;
				SDKROOT = iphoneos;
				SWIFT_COMPILATION_MODE = wholemodule;
				SWIFT_OPTIMIZATION_LEVEL = "-O";
				VALIDATE_PRODUCT = YES;
			};
			name = Release;
		};
/* End XCBuildConfiguration section */

/* Begin XCConfigurationList section */
		9090D357141D4F71BAA542C1 = {
			isa = XCConfigurationList;
			buildConfigurations = (
				6E8D8B2C45BD4F6E954E7DB7 /* Debug */,
				0D502DE4AE6F43FFAE24F0D1 /* Release */,
			);
			defaultConfigurationIsVisible = 0;
			defaultConfigurationName = Release;
		};
		01DF41EBD4994BA997B1F83B = {
			isa = XCConfigurationList;
			buildConfigurations = (
				857476BDF950411380B42E51 /* Debug */,
				4A67D9DE04754DED8501DED6 /* Release */,
			);
			defaultConfigurationIsVisible = 0;
			defaultConfigurationName = Release;
		};
/* End XCConfigurationList section */
	};
	rootObject = CFEDCBF8AD304DBEBE291B28 /* Project object */;
}
